
Microsoft Visual Studio Solution File, Format Version 12.00
# Visual Studio 14
VisualStudioVersion = 14.0.25420.1
MinimumVisualStudioVersion = 10.0.40219.1
Project("{FAE04EC0-301F-11D3-BF4B-00C04F79EFBC}") = "Labra7", "ConsoleApplication1\Labra7.csproj", "{59E19580-AB3A-40D1-9785-195E7DF39C38}"
EndProject
Project("{FAE04EC0-301F-11D3-BF4B-00C04F79EFBC}") = "Teht2", "Teht2\Teht2.csproj", "{1C033CC6-FC42-41DD-AE4A-52A44F8726AB}"
EndProject
Project("{FAE04EC0-301F-11D3-BF4B-00C04F79EFBC}") = "Teht3", "Teht3\Teht3.csproj", "{AD53D445-47C5-4FD6-B8C2-2CE616944FC5}"
EndProject
Project("{FAE04EC0-301F-11D3-BF4B-00C04F79EFBC}") = "Teht4", "Teht4\Teht4.csproj", "{B1F48E17-18D6-4C5A-91F5-164459D1EA9A}"
EndProject
Global
	GlobalSection(SolutionConfigurationPlatforms) = preSolution
		Debug|Any CPU = Debug|Any CPU
		Release|Any CPU = Release|Any CPU
	EndGlobalSection
	GlobalSection(ProjectConfigurationPlatforms) = postSolution
		{59E19580-AB3A-40D1-9785-195E7DF39C38}.Debug|Any CPU.ActiveCfg = Debug|Any CPU
		{59E19580-AB3A-40D1-9785-195E7DF39C38}.Debug|Any CPU.Build.0 = Debug|Any CPU
		{59E19580-AB3A-40D1-9785-195E7DF39C38}.Release|Any CPU.ActiveCfg = Release|Any CPU
		{59E19580-AB3A-40D1-9785-195E7DF39C38}.Release|Any CPU.Build.0 = Release|Any CPU
		{1C033CC6-FC42-41DD-AE4A-52A44F8726AB}.Debug|Any CPU.ActiveCfg = Debug|Any CPU
		{1C033CC6-FC42-41DD-AE4A-52A44F8726AB}.Debug|Any CPU.Build.0 = Debug|Any CPU
		{1C033CC6-FC42-41DD-AE4A-52A44F8726AB}.Release|Any CPU.ActiveCfg = Release|Any CPU
		{1C033CC6-FC42-41DD-AE4A-52A44F8726AB}.Release|Any CPU.Build.0 = Release|Any CPU
		{AD53D445-47C5-4FD6-B8C2-2CE616944FC5}.Debug|Any CPU.ActiveCfg = Debug|Any CPU
		{AD53D445-47C5-4FD6-B8C2-2CE616944FC5}.Debug|Any CPU.Build.0 = Debug|Any CPU
		{AD53D445-47C5-4FD6-B8C2-2CE616944FC5}.Release|Any CPU.ActiveCfg = Release|Any CPU
		{AD53D445-47C5-4FD6-B8C2-2CE616944FC5}.Release|Any CPU.Build.0 = Release|Any CPU
		{B1F48E17-18D6-4C5A-91F5-164459D1EA9A}.Debug|Any CPU.ActiveCfg = Debug|Any CPU
		{B1F48E17-18D6-4C5A-91F5-164459D1EA9A}.Debug|Any CPU.Build.0 = Debug|Any CPU
		{B1F48E17-18D6-4C5A-91F5-164459D1EA9A}.Release|Any CPU.ActiveCfg = Release|Any CPU
		{B1F48E17-18D6-4C5A-91F5-164459D1EA9A}.Release|Any CPU.Build.0 = Release|Any CPU
	EndGlobalSection
	GlobalSection(SolutionProperties) = preSolution
		HideSolutionNode = FALSE
	EndGlobalSection
EndGlobal
